{
    "name": "node-red-project",
    "version": "0.0.1",
    "lockfileVersion": 2,
    "requires": true,
    "packages": {
        "": {
            "name": "node-red-project",
            "version": "0.0.1",
            "dependencies": {
                "@catfoxtech/node-red-contrib-google-cloud-functions": "github:catfoxtech/node-red-contrib-google-cloud-functions"
            }
        },
        "node_modules/@catfoxtech/node-red-contrib-google-cloud-functions": {
            "version": "0.0.0",
            "resolved": "git+ssh://git@github.com/catfoxtech/node-red-contrib-google-cloud-functions.git#f2841526b4f8d229c9aa4e7f5e79afcef46b1156"
        }
    },
    "dependencies": {
        "@catfoxtech/node-red-contrib-google-cloud-functions": {
            "version": "git+ssh://git@github.com/catfoxtech/node-red-contrib-google-cloud-functions.git#f2841526b4f8d229c9aa4e7f5e79afcef46b1156",
            "from": "@catfoxtech/node-red-contrib-google-cloud-functions@catfoxtech/node-red-contrib-google-cloud-functions"
        }
    }
}
